
Microsoft Visual Studio Solution File, Format Version 12.00
# Visual Studio Version 17
VisualStudioVersion = 17.9.34723.18
MinimumVisualStudioVersion = 10.0.40219.1
Project("{FAE04EC0-301F-11D3-BF4B-00C04F79EFBC}") = "Minimal_API", "Minimal_API\Minimal_API.csproj", "{3F4562EC-AB28-455D-90C6-24A796475A35}"
EndProject
Global
	GlobalSection(SolutionConfigurationPlatforms) = preSolution
		Debug|Any CPU = Debug|Any CPU
		Release|Any CPU = Release|Any CPU
	EndGlobalSection
	GlobalSection(ProjectConfigurationPlatforms) = postSolution
		{3F4562EC-AB28-455D-90C6-24A796475A35}.Debug|Any CPU.ActiveCfg = Debug|Any CPU
		{3F4562EC-AB28-455D-90C6-24A796475A35}.Debug|Any CPU.Build.0 = Debug|Any CPU
		{3F4562EC-AB28-455D-90C6-24A796475A35}.Release|Any CPU.ActiveCfg = Release|Any CPU
		{3F4562EC-AB28-455D-90C6-24A796475A35}.Release|Any CPU.Build.0 = Release|Any CPU
	EndGlobalSection
	GlobalSection(SolutionProperties) = preSolution
		HideSolutionNode = FALSE
	EndGlobalSection
	GlobalSection(ExtensibilityGlobals) = postSolution
		SolutionGuid = {6DF55307-D8B2-45FC-982F-BCF4B022718C}
	EndGlobalSection
EndGlobal
